# This file is automatically @generated by Cargo.
# It is not intended for manual editing.
version = 3

[[package]]
name = "allocator-api2"
version = "0.2.18"
source = "registry+https://github.com/rust-lang/crates.io-index"
checksum = "5c6cb57a04249c6480766f7f7cef5467412af1490f8d1e243141daddada3264f"

[[package]]
name = "blink-alloc"
version = "0.3.1"
source = "registry+https://github.com/rust-lang/crates.io-index"
checksum = "e669f146bb8b2327006ed94c69cf78c8ec81c100192564654230a40b4f091d82"
dependencies = [
 "allocator-api2",
]

[[package]]
name = "branches"
version = "0.1.3"
source = "registry+https://github.com/rust-lang/crates.io-index"
checksum = "7958fb9748a08a6f46ef773e87c43997a844709bc293b4c3de48135debaf9d2a"

[[package]]
name = "rclite"
version = "0.2.4"
source = "registry+https://github.com/rust-lang/crates.io-index"
checksum = "ee9f0c2e8b8ef3ea8b0d074b9a0a192d99d47e2023bec8fd6336f2d8543a43b9"
dependencies = [
 "branches",
]

[[package]]
name = "rixty"
version = "0.1.0"
dependencies = [
 "blink-alloc",
 "rclite",
]
